
Microsoft Visual Studio Solution File, Format Version 12.00
# Visual Studio Version 17
VisualStudioVersion = 17.7.34031.279
MinimumVisualStudioVersion = 10.0.40219.1
Project("{FAE04EC0-301F-11D3-BF4B-00C04F79EFBC}") = "Impartire2", "Impartire2.csproj", "{98930FF5-B040-45AA-9BE1-F2F995E0A484}"
EndProject
Global
	GlobalSection(SolutionConfigurationPlatforms) = preSolution
		Debug|Any CPU = Debug|Any CPU
		Release|Any CPU = Release|Any CPU
	EndGlobalSection
	GlobalSection(ProjectConfigurationPlatforms) = postSolution
		{98930FF5-B040-45AA-9BE1-F2F995E0A484}.Debug|Any CPU.ActiveCfg = Debug|Any CPU
		{98930FF5-B040-45AA-9BE1-F2F995E0A484}.Debug|Any CPU.Build.0 = Debug|Any CPU
		{98930FF5-B040-45AA-9BE1-F2F995E0A484}.Release|Any CPU.ActiveCfg = Release|Any CPU
		{98930FF5-B040-45AA-9BE1-F2F995E0A484}.Release|Any CPU.Build.0 = Release|Any CPU
	EndGlobalSection
	GlobalSection(SolutionProperties) = preSolution
		HideSolutionNode = FALSE
	EndGlobalSection
	GlobalSection(ExtensibilityGlobals) = postSolution
		SolutionGuid = {B796420B-0972-423B-A55A-45433BAC5F4D}
	EndGlobalSection
EndGlobal
